
Microsoft Visual Studio Solution File, Format Version 12.00
# Visual Studio Version 16
VisualStudioVersion = 16.0.30413.136
MinimumVisualStudioVersion = 10.0.40219.1
Project("{8BC9CEB8-8B4A-11D0-8D11-00A0C91BC942}") = "Number Guessing Game Lab 5", "Number Guessing Game Lab 5\Number Guessing Game Lab 5.vcxproj", "{8011F8CF-0AB0-4F93-9073-FCC9B2C47332}"
EndProject
Global
	GlobalSection(SolutionConfigurationPlatforms) = preSolution
		Debug|x64 = Debug|x64
		Debug|x86 = Debug|x86
		Release|x64 = Release|x64
		Release|x86 = Release|x86
	EndGlobalSection
	GlobalSection(ProjectConfigurationPlatforms) = postSolution
		{8011F8CF-0AB0-4F93-9073-FCC9B2C47332}.Debug|x64.ActiveCfg = Debug|x64
		{8011F8CF-0AB0-4F93-9073-FCC9B2C47332}.Debug|x64.Build.0 = Debug|x64
		{8011F8CF-0AB0-4F93-9073-FCC9B2C47332}.Debug|x86.ActiveCfg = Debug|Win32
		{8011F8CF-0AB0-4F93-9073-FCC9B2C47332}.Debug|x86.Build.0 = Debug|Win32
		{8011F8CF-0AB0-4F93-9073-FCC9B2C47332}.Release|x64.ActiveCfg = Release|x64
		{8011F8CF-0AB0-4F93-9073-FCC9B2C47332}.Release|x64.Build.0 = Release|x64
		{8011F8CF-0AB0-4F93-9073-FCC9B2C47332}.Release|x86.ActiveCfg = Release|Win32
		{8011F8CF-0AB0-4F93-9073-FCC9B2C47332}.Release|x86.Build.0 = Release|Win32
	EndGlobalSection
	GlobalSection(SolutionProperties) = preSolution
		HideSolutionNode = FALSE
	EndGlobalSection
	GlobalSection(ExtensibilityGlobals) = postSolution
		SolutionGuid = {86EC3630-CD44-47B5-A4A9-E52880D1978C}
	EndGlobalSection
EndGlobal
